# IF THERE'S A GIT CONFLICT IN THIS FILE, DON'T SOLVE IT MANUALLY!
# INSTEAD EXECUTE `prisma migrate fix`
# Prisma Migrate lockfile v1
# Read more about conflict resolution here: TODO

20200426155558-init
20200618165035-update
20200618165814-update-correction
20200618165857-update-v3
20200618170347-test
20200618171844-add-profil-pic-and-img-on-project